// !$*UTF8*$!
{
	archiveVersion = 1;
	classes = {
	};
	objectVersion = 50;
	objects = {

/* Begin PBXBuildFile section */
		6A11AA22233279C500AD49B5 /* ShakeButton.swift in Sources */ = {isa = PBXBuildFile; fileRef = 6A11AA21233279C500AD49B5 /* ShakeButton.swift */; };
		6A30CD3D232C363500EE1D30 /* AppDelegate.swift in Sources */ = {isa = PBXBuildFile; fileRef = 6A30CD3C232C363500EE1D30 /* AppDelegate.swift */; };
		6A30CD42232C363500EE1D30 /* Main.storyboard in Resources */ = {isa = PBXBuildFile; fileRef = 6A30CD40232C363500EE1D30 /* Main.storyboard */; };
		6A30CD44232C363600EE1D30 /* Assets.xcassets in Resources */ = {isa = PBXBuildFile; fileRef = 6A30CD43232C363600EE1D30 /* Assets.xcassets */; };
		6A30CD47232C363600EE1D30 /* LaunchScreen.storyboard in Resources */ = {isa = PBXBuildFile; fileRef = 6A30CD45232C363600EE1D30 /* LaunchScreen.storyboard */; };
		6A6FCC052333A0AD00A066EB /* GeneralPageViewController.swift in Sources */ = {isa = PBXBuildFile; fileRef = 6A6FCC042333A0AD00A066EB /* GeneralPageViewController.swift */; };
		6AC129B8232FCBCC0062624B /* StartPageVC.swift in Sources */ = {isa = PBXBuildFile; fileRef = 6AC129B7232FCBCC0062624B /* StartPageVC.swift */; };
		6AC129BA232FCC0B0062624B /* Page.swift in Sources */ = {isa = PBXBuildFile; fileRef = 6AC129B9232FCC0B0062624B /* Page.swift */; };
		6AC129BC233028990062624B /* ContentViewController.swift in Sources */ = {isa = PBXBuildFile; fileRef = 6AC129BB233028990062624B /* ContentViewController.swift */; };
/* End PBXBuildFile section */

/* Begin PBXFileReference section */
		6A11AA21233279C500AD49B5 /* ShakeButton.swift */ = {isa = PBXFileReference; lastKnownFileType = sourcecode.swift; path = ShakeButton.swift; sourceTree = "<group>"; };
		6A30CD39232C363500EE1D30 /* Wallpaper App.app */ = {isa = PBXFileReference; explicitFileType = wrapper.application; includeInIndex = 0; path = "Wallpaper App.app"; sourceTree = BUILT_PRODUCTS_DIR; };
		6A30CD3C232C363500EE1D30 /* AppDelegate.swift */ = {isa = PBXFileReference; lastKnownFileType = sourcecode.swift; path = AppDelegate.swift; sourceTree = "<group>"; };
		6A30CD41232C363500EE1D30 /* Base */ = {isa = PBXFileReference; lastKnownFileType = file.storyboard; name = Base; path = Base.lproj/Main.storyboard; sourceTree = "<group>"; };
		6A30CD43232C363600EE1D30 /* Assets.xcassets */ = {isa = PBXFileReference; lastKnownFileType = folder.assetcatalog; path = Assets.xcassets; sourceTree = "<group>"; };
		6A30CD46232C363600EE1D30 /* Base */ = {isa = PBXFileReference; lastKnownFileType = file.storyboard; name = Base; path = Base.lproj/LaunchScreen.storyboard; sourceTree = "<group>"; };
		6A30CD48232C363600EE1D30 /* Info.plist */ = {isa = PBXFileReference; lastKnownFileType = text.plist.xml; path = Info.plist; sourceTree = "<group>"; };
		6A6FCC042333A0AD00A066EB /* GeneralPageViewController.swift */ = {isa = PBXFileReference; lastKnownFileType = sourcecode.swift; path = GeneralPageViewController.swift; sourceTree = "<group>"; };
		6AC129B7232FCBCC0062624B /* StartPageVC.swift */ = {isa = PBXFileReference; lastKnownFileType = sourcecode.swift; path = StartPageVC.swift; sourceTree = "<group>"; };
		6AC129B9232FCC0B0062624B /* Page.swift */ = {isa = PBXFileReference; lastKnownFileType = sourcecode.swift; path = Page.swift; sourceTree = "<group>"; };
		6AC129BB233028990062624B /* ContentViewController.swift */ = {isa = PBXFileReference; lastKnownFileType = sourcecode.swift; path = ContentViewController.swift; sourceTree = "<group>"; };
/* End PBXFileReference section */

/* Begin PBXFrameworksBuildPhase section */
		6A30CD36232C363500EE1D30 /* Frameworks */ = {
			isa = PBXFrameworksBuildPhase;
			buildActionMask = 2147483647;
			files = (
			);
			runOnlyForDeploymentPostprocessing = 0;
		};
/* End PBXFrameworksBuildPhase section */

/* Begin PBXGroup section */
		6A30CD30232C363500EE1D30 = {
			isa = PBXGroup;
			children = (
				6A30CD3B232C363500EE1D30 /* Wallpaper App */,
				6A30CD3A232C363500EE1D30 /* Products */,
			);
			sourceTree = "<group>";
		};
		6A30CD3A232C363500EE1D30 /* Products */ = {
			isa = PBXGroup;
			children = (
				6A30CD39232C363500EE1D30 /* Wallpaper App.app */,
			);
			name = Products;
			sourceTree = "<group>";
		};
		6A30CD3B232C363500EE1D30 /* Wallpaper App */ = {
			isa = PBXGroup;
			children = (
				6A30CD3C232C363500EE1D30 /* AppDelegate.swift */,
				6AC129BD233028A90062624B /* StartPage */,
				6A30CD40232C363500EE1D30 /* Main.storyboard */,
				6A11AA21233279C500AD49B5 /* ShakeButton.swift */,
				6A30CD43232C363600EE1D30 /* Assets.xcassets */,
				6A30CD45232C363600EE1D30 /* LaunchScreen.storyboard */,
				6A30CD48232C363600EE1D30 /* Info.plist */,
			);
			path = "Wallpaper App";
			sourceTree = "<group>";
		};
		6AC129BD233028A90062624B /* StartPage */ = {
			isa = PBXGroup;
			children = (
				6AC129B7232FCBCC0062624B /* StartPageVC.swift */,
				6A6FCC042333A0AD00A066EB /* GeneralPageViewController.swift */,
				6AC129BB233028990062624B /* ContentViewController.swift */,
				6AC129B9232FCC0B0062624B /* Page.swift */,
			);
			path = StartPage;
			sourceTree = "<group>";
		};
/* End PBXGroup section */

/* Begin PBXNativeTarget section */
		6A30CD38232C363500EE1D30 /* Wallpaper App */ = {
			isa = PBXNativeTarget;
			buildConfigurationList = 6A30CD4B232C363600EE1D30 /* Build configuration list for PBXNativeTarget "Wallpaper App" */;
			buildPhases = (
				6A30CD35232C363500EE1D30 /* Sources */,
				6A30CD36232C363500EE1D30 /* Frameworks */,
				6A30CD37232C363500EE1D30 /* Resources */,
			);
			buildRules = (
			);
			dependencies = (
			);
			name = "Wallpaper App";
			productName = "Wallpaper App";
			productReference = 6A30CD39232C363500EE1D30 /* Wallpaper App.app */;
			productType = "com.apple.product-type.application";
		};
/* End PBXNativeTarget section */

/* Begin PBXProject section */
		6A30CD31232C363500EE1D30 /* Project object */ = {
			isa = PBXProject;
			attributes = {
				LastSwiftUpdateCheck = 1010;
				LastUpgradeCheck = 1010;
				ORGANIZATIONNAME = XP;
				TargetAttributes = {
					6A30CD38232C363500EE1D30 = {
						CreatedOnToolsVersion = 10.1;
					};
				};
			};
			buildConfigurationList = 6A30CD34232C363500EE1D30 /* Build configuration list for PBXProject "Wallpaper App" */;
			compatibilityVersion = "Xcode 9.3";
			developmentRegion = en;
			hasScannedForEncodings = 0;
			knownRegions = (
				en,
				Base,
			);
			mainGroup = 6A30CD30232C363500EE1D30;
			productRefGroup = 6A30CD3A232C363500EE1D30 /* Products */;
			projectDirPath = "";
			projectRoot = "";
			targets = (
				6A30CD38232C363500EE1D30 /* Wallpaper App */,
			);
		};
/* End PBXProject section */

/* Begin PBXResourcesBuildPhase section */
		6A30CD37232C363500EE1D30 /* Resources */ = {
			isa = PBXResourcesBuildPhase;
			buildActionMask = 2147483647;
			files = (
				6A30CD47232C363600EE1D30 /* LaunchScreen.storyboard in Resources */,
				6A30CD44232C363600EE1D30 /* Assets.xcassets in Resources */,
				6A30CD42232C363500EE1D30 /* Main.storyboard in Resources */,
			);
			runOnlyForDeploymentPostprocessing = 0;
		};
/* End PBXResourcesBuildPhase section */

/* Begin PBXSourcesBuildPhase section */
		6A30CD35232C363500EE1D30 /* Sources */ = {
			isa = PBXSourcesBuildPhase;
			buildActionMask = 2147483647;
			files = (
				6AC129BC233028990062624B /* ContentViewController.swift in Sources */,
				6A30CD3D232C363500EE1D30 /* AppDelegate.swift in Sources */,
				6AC129BA232FCC0B0062624B /* Page.swift in Sources */,
				6AC129B8232FCBCC0062624B /* StartPageVC.swift in Sources */,
				6A6FCC052333A0AD00A066EB /* GeneralPageViewController.swift in Sources */,
				6A11AA22233279C500AD49B5 /* ShakeButton.swift in Sources */,
			);
			runOnlyForDeploymentPostprocessing = 0;
		};
/* End PBXSourcesBuildPhase section */

/* Begin PBXVariantGroup section */
		6A30CD40232C363500EE1D30 /* Main.storyboard */ = {
			isa = PBXVariantGroup;
			children = (
				6A30CD41232C363500EE1D30 /* Base */,
			);
			name = Main.storyboard;
			sourceTree = "<group>";
		};
		6A30CD45232C363600EE1D30 /* LaunchScreen.storyboard */ = {
			isa = PBXVariantGroup;
			children = (
				6A30CD46232C363600EE1D30 /* Base */,
			);
			name = LaunchScreen.storyboard;
			sourceTree = "<group>";
		};
/* End PBXVariantGroup section */

/* Begin XCBuildConfiguration section */
		6A30CD49232C363600EE1D30 /* Debug */ = {
			isa = XCBuildConfiguration;
			buildSettings = {
				ALWAYS_SEARCH_USER_PATHS = NO;
				CLANG_ANALYZER_NONNULL = YES;
				CLANG_ANALYZER_NUMBER_OBJECT_CONVERSION = YES_AGGRESSIVE;
				CLANG_CXX_LANGUAGE_STANDARD = "gnu++14";
				CLANG_CXX_LIBRARY = "libc++";
				CLANG_ENABLE_MODULES = YES;
				CLANG_ENABLE_OBJC_ARC = YES;
				CLANG_ENABLE_OBJC_WEAK = YES;
				CLANG_WARN_BLOCK_CAPTURE_AUTORELEASING = YES;
				CLANG_WARN_BOOL_CONVERSION = YES;
				CLANG_WARN_COMMA = YES;
				CLANG_WARN_CONSTANT_CONVERSION = YES;
				CLANG_WARN_DEPRECATED_OBJC_IMPLEMENTATIONS = YES;
				CLANG_WARN_DIRECT_OBJC_ISA_USAGE = YES_ERROR;
				CLANG_WARN_DOCUMENTATION_COMMENTS = YES;
				CLANG_WARN_EMPTY_BODY = YES;
				CLANG_WARN_ENUM_CONVERSION = YES;
				CLANG_WARN_INFINITE_RECURSION = YES;
				CLANG_WARN_INT_CONVERSION = YES;
				CLANG_WARN_NON_LITERAL_NULL_CONVERSION = YES;
				CLANG_WARN_OBJC_IMPLICIT_RETAIN_SELF = YES;
				CLANG_WARN_OBJC_LITERAL_CONVERSION = YES;
				CLANG_WARN_OBJC_ROOT_CLASS = YES_ERROR;
				CLANG_WARN_RANGE_LOOP_ANALYSIS = YES;
				CLANG_WARN_STRICT_PROTOTYPES = YES;
				CLANG_WARN_SUSPICIOUS_MOVE = YES;
				CLANG_WARN_UNGUARDED_AVAILABILITY = YES_AGGRESSIVE;
				CLANG_WARN_UNREACHABLE_CODE = YES;
				CLANG_WARN__DUPLICATE_METHOD_MATCH = YES;
				CODE_SIGN_IDENTITY = "iPhone Developer";
				COPY_PHASE_STRIP = NO;
				DEBUG_INFORMATION_FORMAT = dwarf;
				ENABLE_STRICT_OBJC_MSGSEND = YES;
				ENABLE_TESTABILITY = YES;
				GCC_C_LANGUAGE_STANDARD = gnu11;
				GCC_DYNAMIC_NO_PIC = NO;
				GCC_NO_COMMON_BLOCKS = YES;
				GCC_OPTIMIZATION_LEVEL = 0;
				GCC_PREPROCESSOR_DEFINITIONS = (
					"DEBUG=1",
					"$(inherited)",
				);
				GCC_WARN_64_TO_32_BIT_CONVERSION = YES;
				GCC_WARN_ABOUT_RETURN_TYPE = YES_ERROR;
				GCC_WARN_UNDECLARED_SELECTOR = YES;
				GCC_WARN_UNINITIALIZED_AUTOS = YES_AGGRESSIVE;
				GCC_WARN_UNUSED_FUNCTION = YES;
				GCC_WARN_UNUSED_VARIABLE = YES;
				IPHONEOS_DEPLOYMENT_TARGET = 12.1;
				MTL_ENABLE_DEBUG_INFO = INCLUDE_SOURCE;
				MTL_FAST_MATH = YES;
				ONLY_ACTIVE_ARCH = YES;
				SDKROOT = iphoneos;
				SWIFT_ACTIVE_COMPILATION_CONDITIONS = DEBUG;
				SWIFT_OPTIMIZATION_LEVEL = "-Onone";
			};
			name = Debug;
		};
		6A30CD4A232C363600EE1D30 /* Release */ = {
			isa = XCBuildConfiguration;
			buildSettings = {
				ALWAYS_SEARCH_USER_PATHS = NO;
				CLANG_ANALYZER_NONNULL = YES;
				CLANG_ANALYZER_NUMBER_OBJECT_CONVERSION = YES_AGGRESSIVE;
				CLANG_CXX_LANGUAGE_STANDARD = "gnu++14";
				CLANG_CXX_LIBRARY = "libc++";
				CLANG_ENABLE_MODULES = YES;
				CLANG_ENABLE_OBJC_ARC = YES;
				CLANG_ENABLE_OBJC_WEAK = YES;
				CLANG_WARN_BLOCK_CAPTURE_AUTORELEASING = YES;
				CLANG_WARN_BOOL_CONVERSION = YES;
				CLANG_WARN_COMMA = YES;
				CLANG_WARN_CONSTANT_CONVERSION = YES;
				CLANG_WARN_DEPRECATED_OBJC_IMPLEMENTATIONS = YES;
				CLANG_WARN_DIRECT_OBJC_ISA_USAGE = YES_ERROR;
				CLANG_WARN_DOCUMENTATION_COMMENTS = YES;
				CLANG_WARN_EMPTY_BODY = YES;
				CLANG_WARN_ENUM_CONVERSION = YES;
				CLANG_WARN_INFINITE_RECURSION = YES;
				CLANG_WARN_INT_CONVERSION = YES;
				CLANG_WARN_NON_LITERAL_NULL_CONVERSION = YES;
				CLANG_WARN_OBJC_IMPLICIT_RETAIN_SELF = YES;
				CLANG_WARN_OBJC_LITERAL_CONVERSION = YES;
				CLANG_WARN_OBJC_ROOT_CLASS = YES_ERROR;
				CLANG_WARN_RANGE_LOOP_ANALYSIS = YES;
				CLANG_WARN_STRICT_PROTOTYPES = YES;
				CLANG_WARN_SUSPICIOUS_MOVE = YES;
				CLANG_WARN_UNGUARDED_AVAILABILITY = YES_AGGRESSIVE;
				CLANG_WARN_UNREACHABLE_CODE = YES;
				CLANG_WARN__DUPLICATE_METHOD_MATCH = YES;
				CODE_SIGN_IDENTITY = "iPhone Developer";
				COPY_PHASE_STRIP = NO;
				DEBUG_INFORMATION_FORMAT = "dwarf-with-dsym";
				ENABLE_NS_ASSERTIONS = NO;
				ENABLE_STRICT_OBJC_MSGSEND = YES;
				GCC_C_LANGUAGE_STANDARD = gnu11;
				GCC_NO_COMMON_BLOCKS = YES;
				GCC_WARN_64_TO_32_BIT_CONVERSION = YES;
				GCC_WARN_ABOUT_RETURN_TYPE = YES_ERROR;
				GCC_WARN_UNDECLARED_SELECTOR = YES;
				GCC_WARN_UNINITIALIZED_AUTOS = YES_AGGRESSIVE;
				GCC_WARN_UNUSED_FUNCTION = YES;
				GCC_WARN_UNUSED_VARIABLE = YES;
				IPHONEOS_DEPLOYMENT_TARGET = 12.1;
				MTL_ENABLE_DEBUG_INFO = NO;
				MTL_FAST_MATH = YES;
				SDKROOT = iphoneos;
				SWIFT_COMPILATION_MODE = wholemodule;
				SWIFT_OPTIMIZATION_LEVEL = "-O";
				VALIDATE_PRODUCT = YES;
			};
			name = Release;
		};
		6A30CD4C232C363600EE1D30 /* Debug */ = {
			isa = XCBuildConfiguration;
			buildSettings = {
				ASSETCATALOG_COMPILER_APPICON_NAME = AppIcon;
				CODE_SIGN_STYLE = Automatic;
				DEVELOPMENT_TEAM = 45C6F3VKB4;
				INFOPLIST_FILE = "Wallpaper App/Info.plist";
				LD_RUNPATH_SEARCH_PATHS = (
					"$(inherited)",
					"@executable_path/Frameworks",
				);
				PRODUCT_BUNDLE_IDENTIFIER = "com.ARC.Wallpaper-App";
				PRODUCT_NAME = "$(TARGET_NAME)";
				SWIFT_VERSION = 4.2;
				TARGETED_DEVICE_FAMILY = "1,2";
			};
			name = Debug;
		};
		6A30CD4D232C363600EE1D30 /* Release */ = {
			isa = XCBuildConfiguration;
			buildSettings = {
				ASSETCATALOG_COMPILER_APPICON_NAME = AppIcon;
				CODE_SIGN_STYLE = Automatic;
				DEVELOPMENT_TEAM = 45C6F3VKB4;
				INFOPLIST_FILE = "Wallpaper App/Info.plist";
				LD_RUNPATH_SEARCH_PATHS = (
					"$(inherited)",
					"@executable_path/Frameworks",
				);
				PRODUCT_BUNDLE_IDENTIFIER = "com.ARC.Wallpaper-App";
				PRODUCT_NAME = "$(TARGET_NAME)";
				SWIFT_VERSION = 4.2;
				TARGETED_DEVICE_FAMILY = "1,2";
			};
			name = Release;
		};
/* End XCBuildConfiguration section */

/* Begin XCConfigurationList section */
		6A30CD34232C363500EE1D30 /* Build configuration list for PBXProject "Wallpaper App" */ = {
			isa = XCConfigurationList;
			buildConfigurations = (
				6A30CD49232C363600EE1D30 /* Debug */,
				6A30CD4A232C363600EE1D30 /* Release */,
			);
			defaultConfigurationIsVisible = 0;
			defaultConfigurationName = Release;
		};
		6A30CD4B232C363600EE1D30 /* Build configuration list for PBXNativeTarget "Wallpaper App" */ = {
			isa = XCConfigurationList;
			buildConfigurations = (
				6A30CD4C232C363600EE1D30 /* Debug */,
				6A30CD4D232C363600EE1D30 /* Release */,
			);
			defaultConfigurationIsVisible = 0;
			defaultConfigurationName = Release;
		};
/* End XCConfigurationList section */
	};
	rootObject = 6A30CD31232C363500EE1D30 /* Project object */;
}
